
Microsoft Visual Studio Solution File, Format Version 12.00
# Visual Studio 15
Project("{FAE04EC0-301F-11D3-BF4B-00C04F79EFBC}") = "Assembly-CSharp", "Assembly-CSharp.csproj", "{37127498-4E1E-AD0A-FD7F-7A307DE2E156}"
EndProject
Project("{FAE04EC0-301F-11D3-BF4B-00C04F79EFBC}") = "PrimeTween.Demo", "PrimeTween.Demo.csproj", "{D457664F-0E96-7A49-EF46-81D84C9B3303}"
EndProject
Project("{FAE04EC0-301F-11D3-BF4B-00C04F79EFBC}") = "PrimeTween.Debug", "PrimeTween.Debug.csproj", "{CC79B430-FACC-B8D6-E07C-7CE456D37AA3}"
EndProject
Project("{FAE04EC0-301F-11D3-BF4B-00C04F79EFBC}") = "PrimeTween.Installer", "PrimeTween.Installer.csproj", "{37E3A296-9F54-A992-8683-14EA6E96D2FD}"
EndProject
Global
	GlobalSection(SolutionConfigurationPlatforms) = preSolution
		Debug|Any CPU = Debug|Any CPU
		Release|Any CPU = Release|Any CPU
	EndGlobalSection
	GlobalSection(ProjectConfigurationPlatforms) = postSolution
		{37127498-4E1E-AD0A-FD7F-7A307DE2E156}.Debug|Any CPU.ActiveCfg = Debug|Any CPU
		{37127498-4E1E-AD0A-FD7F-7A307DE2E156}.Debug|Any CPU.Build.0 = Debug|Any CPU
		{37127498-4E1E-AD0A-FD7F-7A307DE2E156}.Release|Any CPU.ActiveCfg = Release|Any CPU
		{37127498-4E1E-AD0A-FD7F-7A307DE2E156}.Release|Any CPU.Build.0 = Release|Any CPU
		{D457664F-0E96-7A49-EF46-81D84C9B3303}.Debug|Any CPU.ActiveCfg = Debug|Any CPU
		{D457664F-0E96-7A49-EF46-81D84C9B3303}.Debug|Any CPU.Build.0 = Debug|Any CPU
		{D457664F-0E96-7A49-EF46-81D84C9B3303}.Release|Any CPU.ActiveCfg = Release|Any CPU
		{D457664F-0E96-7A49-EF46-81D84C9B3303}.Release|Any CPU.Build.0 = Release|Any CPU
		{CC79B430-FACC-B8D6-E07C-7CE456D37AA3}.Debug|Any CPU.ActiveCfg = Debug|Any CPU
		{CC79B430-FACC-B8D6-E07C-7CE456D37AA3}.Debug|Any CPU.Build.0 = Debug|Any CPU
		{CC79B430-FACC-B8D6-E07C-7CE456D37AA3}.Release|Any CPU.ActiveCfg = Release|Any CPU
		{CC79B430-FACC-B8D6-E07C-7CE456D37AA3}.Release|Any CPU.Build.0 = Release|Any CPU
		{37E3A296-9F54-A992-8683-14EA6E96D2FD}.Debug|Any CPU.ActiveCfg = Debug|Any CPU
		{37E3A296-9F54-A992-8683-14EA6E96D2FD}.Debug|Any CPU.Build.0 = Debug|Any CPU
		{37E3A296-9F54-A992-8683-14EA6E96D2FD}.Release|Any CPU.ActiveCfg = Release|Any CPU
		{37E3A296-9F54-A992-8683-14EA6E96D2FD}.Release|Any CPU.Build.0 = Release|Any CPU
	EndGlobalSection
	GlobalSection(SolutionProperties) = preSolution
		HideSolutionNode = FALSE
	EndGlobalSection
EndGlobal
